
Microsoft Visual Studio Solution File, Format Version 12.00
# Visual Studio Version 17
VisualStudioVersion = 17.8.34330.188
MinimumVisualStudioVersion = 10.0.40219.1
Project("{FAE04EC0-301F-11D3-BF4B-00C04F79EFBC}") = "Final_correct", "Final_correct\Final_correct.csproj", "{673BB692-B847-449E-9DDE-591BADBD11D5}"
EndProject
Global
	GlobalSection(SolutionConfigurationPlatforms) = preSolution
		Debug|Any CPU = Debug|Any CPU
		Release|Any CPU = Release|Any CPU
	EndGlobalSection
	GlobalSection(ProjectConfigurationPlatforms) = postSolution
		{673BB692-B847-449E-9DDE-591BADBD11D5}.Debug|Any CPU.ActiveCfg = Debug|Any CPU
		{673BB692-B847-449E-9DDE-591BADBD11D5}.Debug|Any CPU.Build.0 = Debug|Any CPU
		{673BB692-B847-449E-9DDE-591BADBD11D5}.Release|Any CPU.ActiveCfg = Release|Any CPU
		{673BB692-B847-449E-9DDE-591BADBD11D5}.Release|Any CPU.Build.0 = Release|Any CPU
	EndGlobalSection
	GlobalSection(SolutionProperties) = preSolution
		HideSolutionNode = FALSE
	EndGlobalSection
	GlobalSection(ExtensibilityGlobals) = postSolution
		SolutionGuid = {69ECFF07-D816-40C1-A35F-9C12247F2CE2}
	EndGlobalSection
EndGlobal
